
Microsoft Visual Studio Solution File, Format Version 12.00
# Visual Studio Version 16
VisualStudioVersion = 16.0.31112.23
MinimumVisualStudioVersion = 10.0.40219.1
Project("{FAE04EC0-301F-11D3-BF4B-00C04F79EFBC}") = "Assi1", "Assi1\Assi1.csproj", "{65DD9F5F-50B9-475D-B0F3-2456FDB7DD89}"
EndProject
Global
	GlobalSection(SolutionConfigurationPlatforms) = preSolution
		Debug|Any CPU = Debug|Any CPU
		Release|Any CPU = Release|Any CPU
	EndGlobalSection
	GlobalSection(ProjectConfigurationPlatforms) = postSolution
		{65DD9F5F-50B9-475D-B0F3-2456FDB7DD89}.Debug|Any CPU.ActiveCfg = Debug|Any CPU
		{65DD9F5F-50B9-475D-B0F3-2456FDB7DD89}.Debug|Any CPU.Build.0 = Debug|Any CPU
		{65DD9F5F-50B9-475D-B0F3-2456FDB7DD89}.Release|Any CPU.ActiveCfg = Release|Any CPU
		{65DD9F5F-50B9-475D-B0F3-2456FDB7DD89}.Release|Any CPU.Build.0 = Release|Any CPU
	EndGlobalSection
	GlobalSection(SolutionProperties) = preSolution
		HideSolutionNode = FALSE
	EndGlobalSection
	GlobalSection(ExtensibilityGlobals) = postSolution
		SolutionGuid = {B7AB1DD8-420B-4BE7-B4DF-5A0AA6D9DA64}
	EndGlobalSection
EndGlobal
